// !$*UTF8*$!
{
	archiveVersion = 1;
	classes = {
	};
	objectVersion = 50;
	objects = {

/* Begin PBXBuildFile section */
		4BE89F1B24A62BE400B330DB /* AppDelegate.swift in Sources */ = {isa = PBXBuildFile; fileRef = 4BE89F1A24A62BE400B330DB /* AppDelegate.swift */; };
		4BE89F2424A62BE700B330DB /* Assets.xcassets in Resources */ = {isa = PBXBuildFile; fileRef = 4BE89F2324A62BE700B330DB /* Assets.xcassets */; };
		4BE89F2724A62BE700B330DB /* LaunchScreen.storyboard in Resources */ = {isa = PBXBuildFile; fileRef = 4BE89F2524A62BE700B330DB /* LaunchScreen.storyboard */; };
		4BE89F3224A62BE800B330DB /* QuoteAppTests.swift in Sources */ = {isa = PBXBuildFile; fileRef = 4BE89F3124A62BE800B330DB /* QuoteAppTests.swift */; };
		4BE89F3D24A62BE800B330DB /* QuoteAppUITests.swift in Sources */ = {isa = PBXBuildFile; fileRef = 4BE89F3C24A62BE800B330DB /* QuoteAppUITests.swift */; };
		4BE89F5224A62FF400B330DB /* HomeView.swift in Sources */ = {isa = PBXBuildFile; fileRef = 4BE89F5024A62FF400B330DB /* HomeView.swift */; };
		4BE89F5324A62FF400B330DB /* HomeView.xib in Resources */ = {isa = PBXBuildFile; fileRef = 4BE89F5124A62FF400B330DB /* HomeView.xib */; };
		4BE89F5624A6300700B330DB /* HomeViewModel.swift in Sources */ = {isa = PBXBuildFile; fileRef = 4BE89F5524A6300700B330DB /* HomeViewModel.swift */; };
		4BE89F5924A6309A00B330DB /* BaseView.swift in Sources */ = {isa = PBXBuildFile; fileRef = 4BE89F5824A6309A00B330DB /* BaseView.swift */; };
		4BE89F5B24A630DE00B330DB /* BaseViewModel.swift in Sources */ = {isa = PBXBuildFile; fileRef = 4BE89F5A24A630DE00B330DB /* BaseViewModel.swift */; };
		4BE89F6624A632FF00B330DB /* MyEndpoint.swift in Sources */ = {isa = PBXBuildFile; fileRef = 4BE89F5F24A632FF00B330DB /* MyEndpoint.swift */; };
		4BE89F6724A632FF00B330DB /* Api.swift in Sources */ = {isa = PBXBuildFile; fileRef = 4BE89F6024A632FF00B330DB /* Api.swift */; };
		4BE89F6824A632FF00B330DB /* ResponseStatus.swift in Sources */ = {isa = PBXBuildFile; fileRef = 4BE89F6124A632FF00B330DB /* ResponseStatus.swift */; };
		4BE89F6924A632FF00B330DB /* Endpoint.swift in Sources */ = {isa = PBXBuildFile; fileRef = 4BE89F6224A632FF00B330DB /* Endpoint.swift */; };
		4BE89F6A24A632FF00B330DB /* HTTPMethod.swift in Sources */ = {isa = PBXBuildFile; fileRef = 4BE89F6324A632FF00B330DB /* HTTPMethod.swift */; };
		4BE89F6B24A632FF00B330DB /* Environment.swift in Sources */ = {isa = PBXBuildFile; fileRef = 4BE89F6424A632FF00B330DB /* Environment.swift */; };
		4BE89F6C24A632FF00B330DB /* NetworkService.swift in Sources */ = {isa = PBXBuildFile; fileRef = 4BE89F6524A632FF00B330DB /* NetworkService.swift */; };
		4BE89F6F24A634A300B330DB /* PreintHelper.swift in Sources */ = {isa = PBXBuildFile; fileRef = 4BE89F6E24A634A300B330DB /* PreintHelper.swift */; };
		4BE89F7324A634F800B330DB /* String+Extension.swift in Sources */ = {isa = PBXBuildFile; fileRef = 4BE89F7224A634F800B330DB /* String+Extension.swift */; };
		4BE89F7524A6359D00B330DB /* Dictionary+Extension.swift in Sources */ = {isa = PBXBuildFile; fileRef = 4BE89F7424A6359D00B330DB /* Dictionary+Extension.swift */; };
		4BE89F7724A6363D00B330DB /* Date+Extention.swift in Sources */ = {isa = PBXBuildFile; fileRef = 4BE89F7624A6363D00B330DB /* Date+Extention.swift */; };
		4BE89F7924A63BD900B330DB /* Router.swift in Sources */ = {isa = PBXBuildFile; fileRef = 4BE89F7824A63BD900B330DB /* Router.swift */; };
		4BE89F7B24A63BFC00B330DB /* Router+Quote.swift in Sources */ = {isa = PBXBuildFile; fileRef = 4BE89F7A24A63BFC00B330DB /* Router+Quote.swift */; };
		4BE89F7D24A63C7700B330DB /* Url.swift in Sources */ = {isa = PBXBuildFile; fileRef = 4BE89F7C24A63C7700B330DB /* Url.swift */; };
		4BE89F8024A63D1E00B330DB /* Model+Error.swift in Sources */ = {isa = PBXBuildFile; fileRef = 4BE89F7E24A63D1D00B330DB /* Model+Error.swift */; };
		4BE89F8124A63D1E00B330DB /* Model+None.swift in Sources */ = {isa = PBXBuildFile; fileRef = 4BE89F7F24A63D1E00B330DB /* Model+None.swift */; };
		4BE89F8324A63D4E00B330DB /* Model+Quote.swift in Sources */ = {isa = PBXBuildFile; fileRef = 4BE89F8224A63D4E00B330DB /* Model+Quote.swift */; };
		4BE89F8524A6493F00B330DB /* Model+MutlyError.swift in Sources */ = {isa = PBXBuildFile; fileRef = 4BE89F8424A6493F00B330DB /* Model+MutlyError.swift */; };
		4BE89F8924A6614D00B330DB /* MyFavView.swift in Sources */ = {isa = PBXBuildFile; fileRef = 4BE89F8724A6614D00B330DB /* MyFavView.swift */; };
		4BE89F8A24A6614D00B330DB /* MyFavView.xib in Resources */ = {isa = PBXBuildFile; fileRef = 4BE89F8824A6614D00B330DB /* MyFavView.xib */; };
		4BE89F8D24A6616400B330DB /* MyFavViewModel.swift in Sources */ = {isa = PBXBuildFile; fileRef = 4BE89F8C24A6616400B330DB /* MyFavViewModel.swift */; };
		4BE89F9324A6653400B330DB /* LoadingViewable.swift in Sources */ = {isa = PBXBuildFile; fileRef = 4BE89F8F24A6653400B330DB /* LoadingViewable.swift */; };
		4BE89F9424A6653400B330DB /* loadingView.swift in Sources */ = {isa = PBXBuildFile; fileRef = 4BE89F9024A6653400B330DB /* loadingView.swift */; };
		4BE89F9524A6653400B330DB /* LoadingView.xib in Resources */ = {isa = PBXBuildFile; fileRef = 4BE89F9124A6653400B330DB /* LoadingView.xib */; };
		4BE89F9624A6653400B330DB /* AnimateloadingView.swift in Sources */ = {isa = PBXBuildFile; fileRef = 4BE89F9224A6653400B330DB /* AnimateloadingView.swift */; };
		4BE89F9C24A673B000B330DB /* QuoteApp.xcdatamodeld in Sources */ = {isa = PBXBuildFile; fileRef = 4BE89F9A24A673B000B330DB /* QuoteApp.xcdatamodeld */; };
		4BE89FA024A67C9800B330DB /* QuoteTableViewCell.swift in Sources */ = {isa = PBXBuildFile; fileRef = 4BE89F9E24A67C9800B330DB /* QuoteTableViewCell.swift */; };
		4BE89FA124A67C9800B330DB /* QuoteTableViewCell.xib in Resources */ = {isa = PBXBuildFile; fileRef = 4BE89F9F24A67C9800B330DB /* QuoteTableViewCell.xib */; };
/* End PBXBuildFile section */

/* Begin PBXContainerItemProxy section */
		4BE89F2E24A62BE800B330DB /* PBXContainerItemProxy */ = {
			isa = PBXContainerItemProxy;
			containerPortal = 4BE89F0F24A62BE400B330DB /* Project object */;
			proxyType = 1;
			remoteGlobalIDString = 4BE89F1624A62BE400B330DB;
			remoteInfo = QuoteApp;
		};
		4BE89F3924A62BE800B330DB /* PBXContainerItemProxy */ = {
			isa = PBXContainerItemProxy;
			containerPortal = 4BE89F0F24A62BE400B330DB /* Project object */;
			proxyType = 1;
			remoteGlobalIDString = 4BE89F1624A62BE400B330DB;
			remoteInfo = QuoteApp;
		};
/* End PBXContainerItemProxy section */

/* Begin PBXFileReference section */
		4BE89F1724A62BE400B330DB /* QuoteApp.app */ = {isa = PBXFileReference; explicitFileType = wrapper.application; includeInIndex = 0; path = QuoteApp.app; sourceTree = BUILT_PRODUCTS_DIR; };
		4BE89F1A24A62BE400B330DB /* AppDelegate.swift */ = {isa = PBXFileReference; lastKnownFileType = sourcecode.swift; path = AppDelegate.swift; sourceTree = "<group>"; };
		4BE89F2324A62BE700B330DB /* Assets.xcassets */ = {isa = PBXFileReference; lastKnownFileType = folder.assetcatalog; path = Assets.xcassets; sourceTree = "<group>"; };
		4BE89F2624A62BE700B330DB /* Base */ = {isa = PBXFileReference; lastKnownFileType = file.storyboard; name = Base; path = Base.lproj/LaunchScreen.storyboard; sourceTree = "<group>"; };
		4BE89F2824A62BE700B330DB /* Info.plist */ = {isa = PBXFileReference; lastKnownFileType = text.plist.xml; path = Info.plist; sourceTree = "<group>"; };
		4BE89F2D24A62BE800B330DB /* QuoteAppTests.xctest */ = {isa = PBXFileReference; explicitFileType = wrapper.cfbundle; includeInIndex = 0; path = QuoteAppTests.xctest; sourceTree = BUILT_PRODUCTS_DIR; };
		4BE89F3124A62BE800B330DB /* QuoteAppTests.swift */ = {isa = PBXFileReference; lastKnownFileType = sourcecode.swift; path = QuoteAppTests.swift; sourceTree = "<group>"; };
		4BE89F3324A62BE800B330DB /* Info.plist */ = {isa = PBXFileReference; lastKnownFileType = text.plist.xml; path = Info.plist; sourceTree = "<group>"; };
		4BE89F3824A62BE800B330DB /* QuoteAppUITests.xctest */ = {isa = PBXFileReference; explicitFileType = wrapper.cfbundle; includeInIndex = 0; path = QuoteAppUITests.xctest; sourceTree = BUILT_PRODUCTS_DIR; };
		4BE89F3C24A62BE800B330DB /* QuoteAppUITests.swift */ = {isa = PBXFileReference; lastKnownFileType = sourcecode.swift; path = QuoteAppUITests.swift; sourceTree = "<group>"; };
		4BE89F3E24A62BE800B330DB /* Info.plist */ = {isa = PBXFileReference; lastKnownFileType = text.plist.xml; path = Info.plist; sourceTree = "<group>"; };
		4BE89F5024A62FF400B330DB /* HomeView.swift */ = {isa = PBXFileReference; lastKnownFileType = sourcecode.swift; path = HomeView.swift; sourceTree = "<group>"; };
		4BE89F5124A62FF400B330DB /* HomeView.xib */ = {isa = PBXFileReference; lastKnownFileType = file.xib; path = HomeView.xib; sourceTree = "<group>"; };
		4BE89F5524A6300700B330DB /* HomeViewModel.swift */ = {isa = PBXFileReference; lastKnownFileType = sourcecode.swift; path = HomeViewModel.swift; sourceTree = "<group>"; };
		4BE89F5824A6309A00B330DB /* BaseView.swift */ = {isa = PBXFileReference; lastKnownFileType = sourcecode.swift; path = BaseView.swift; sourceTree = "<group>"; };
		4BE89F5A24A630DE00B330DB /* BaseViewModel.swift */ = {isa = PBXFileReference; lastKnownFileType = sourcecode.swift; path = BaseViewModel.swift; sourceTree = "<group>"; };
		4BE89F5F24A632FF00B330DB /* MyEndpoint.swift */ = {isa = PBXFileReference; fileEncoding = 4; lastKnownFileType = sourcecode.swift; path = MyEndpoint.swift; sourceTree = "<group>"; };
		4BE89F6024A632FF00B330DB /* Api.swift */ = {isa = PBXFileReference; fileEncoding = 4; lastKnownFileType = sourcecode.swift; path = Api.swift; sourceTree = "<group>"; };
		4BE89F6124A632FF00B330DB /* ResponseStatus.swift */ = {isa = PBXFileReference; fileEncoding = 4; lastKnownFileType = sourcecode.swift; path = ResponseStatus.swift; sourceTree = "<group>"; };
		4BE89F6224A632FF00B330DB /* Endpoint.swift */ = {isa = PBXFileReference; fileEncoding = 4; lastKnownFileType = sourcecode.swift; path = Endpoint.swift; sourceTree = "<group>"; };
		4BE89F6324A632FF00B330DB /* HTTPMethod.swift */ = {isa = PBXFileReference; fileEncoding = 4; lastKnownFileType = sourcecode.swift; path = HTTPMethod.swift; sourceTree = "<group>"; };
		4BE89F6424A632FF00B330DB /* Environment.swift */ = {isa = PBXFileReference; fileEncoding = 4; lastKnownFileType = sourcecode.swift; path = Environment.swift; sourceTree = "<group>"; };
		4BE89F6524A632FF00B330DB /* NetworkService.swift */ = {isa = PBXFileReference; fileEncoding = 4; lastKnownFileType = sourcecode.swift; path = NetworkService.swift; sourceTree = "<group>"; };
		4BE89F6E24A634A300B330DB /* PreintHelper.swift */ = {isa = PBXFileReference; fileEncoding = 4; lastKnownFileType = sourcecode.swift; path = PreintHelper.swift; sourceTree = "<group>"; };
		4BE89F7224A634F800B330DB /* String+Extension.swift */ = {isa = PBXFileReference; fileEncoding = 4; lastKnownFileType = sourcecode.swift; path = "String+Extension.swift"; sourceTree = "<group>"; };
		4BE89F7424A6359D00B330DB /* Dictionary+Extension.swift */ = {isa = PBXFileReference; fileEncoding = 4; lastKnownFileType = sourcecode.swift; path = "Dictionary+Extension.swift"; sourceTree = "<group>"; };
		4BE89F7624A6363D00B330DB /* Date+Extention.swift */ = {isa = PBXFileReference; fileEncoding = 4; lastKnownFileType = sourcecode.swift; path = "Date+Extention.swift"; sourceTree = "<group>"; };
		4BE89F7824A63BD900B330DB /* Router.swift */ = {isa = PBXFileReference; fileEncoding = 4; lastKnownFileType = sourcecode.swift; path = Router.swift; sourceTree = "<group>"; };
		4BE89F7A24A63BFC00B330DB /* Router+Quote.swift */ = {isa = PBXFileReference; fileEncoding = 4; lastKnownFileType = sourcecode.swift; path = "Router+Quote.swift"; sourceTree = "<group>"; };
		4BE89F7C24A63C7700B330DB /* Url.swift */ = {isa = PBXFileReference; lastKnownFileType = sourcecode.swift; path = Url.swift; sourceTree = "<group>"; };
		4BE89F7E24A63D1D00B330DB /* Model+Error.swift */ = {isa = PBXFileReference; fileEncoding = 4; lastKnownFileType = sourcecode.swift; path = "Model+Error.swift"; sourceTree = "<group>"; };
		4BE89F7F24A63D1E00B330DB /* Model+None.swift */ = {isa = PBXFileReference; fileEncoding = 4; lastKnownFileType = sourcecode.swift; path = "Model+None.swift"; sourceTree = "<group>"; };
		4BE89F8224A63D4E00B330DB /* Model+Quote.swift */ = {isa = PBXFileReference; lastKnownFileType = sourcecode.swift; path = "Model+Quote.swift"; sourceTree = "<group>"; };
		4BE89F8424A6493F00B330DB /* Model+MutlyError.swift */ = {isa = PBXFileReference; fileEncoding = 4; lastKnownFileType = sourcecode.swift; path = "Model+MutlyError.swift"; sourceTree = "<group>"; };
		4BE89F8724A6614D00B330DB /* MyFavView.swift */ = {isa = PBXFileReference; lastKnownFileType = sourcecode.swift; path = MyFavView.swift; sourceTree = "<group>"; };
		4BE89F8824A6614D00B330DB /* MyFavView.xib */ = {isa = PBXFileReference; lastKnownFileType = file.xib; path = MyFavView.xib; sourceTree = "<group>"; };
		4BE89F8C24A6616400B330DB /* MyFavViewModel.swift */ = {isa = PBXFileReference; lastKnownFileType = sourcecode.swift; path = MyFavViewModel.swift; sourceTree = "<group>"; };
		4BE89F8F24A6653400B330DB /* LoadingViewable.swift */ = {isa = PBXFileReference; fileEncoding = 4; lastKnownFileType = sourcecode.swift; path = LoadingViewable.swift; sourceTree = "<group>"; };
		4BE89F9024A6653400B330DB /* loadingView.swift */ = {isa = PBXFileReference; fileEncoding = 4; lastKnownFileType = sourcecode.swift; path = loadingView.swift; sourceTree = "<group>"; };
		4BE89F9124A6653400B330DB /* LoadingView.xib */ = {isa = PBXFileReference; fileEncoding = 4; lastKnownFileType = file.xib; path = LoadingView.xib; sourceTree = "<group>"; };
		4BE89F9224A6653400B330DB /* AnimateloadingView.swift */ = {isa = PBXFileReference; fileEncoding = 4; lastKnownFileType = sourcecode.swift; path = AnimateloadingView.swift; sourceTree = "<group>"; };
		4BE89F9B24A673B000B330DB /* QuoteApp.xcdatamodel */ = {isa = PBXFileReference; lastKnownFileType = wrapper.xcdatamodel; path = QuoteApp.xcdatamodel; sourceTree = "<group>"; };
		4BE89F9E24A67C9800B330DB /* QuoteTableViewCell.swift */ = {isa = PBXFileReference; lastKnownFileType = sourcecode.swift; path = QuoteTableViewCell.swift; sourceTree = "<group>"; };
		4BE89F9F24A67C9800B330DB /* QuoteTableViewCell.xib */ = {isa = PBXFileReference; lastKnownFileType = file.xib; path = QuoteTableViewCell.xib; sourceTree = "<group>"; };
/* End PBXFileReference section */

/* Begin PBXFrameworksBuildPhase section */
		4BE89F1424A62BE400B330DB /* Frameworks */ = {
			isa = PBXFrameworksBuildPhase;
			buildActionMask = 2147483647;
			files = (
			);
			runOnlyForDeploymentPostprocessing = 0;
		};
		4BE89F2A24A62BE800B330DB /* Frameworks */ = {
			isa = PBXFrameworksBuildPhase;
			buildActionMask = 2147483647;
			files = (
			);
			runOnlyForDeploymentPostprocessing = 0;
		};
		4BE89F3524A62BE800B330DB /* Frameworks */ = {
			isa = PBXFrameworksBuildPhase;
			buildActionMask = 2147483647;
			files = (
			);
			runOnlyForDeploymentPostprocessing = 0;
		};
/* End PBXFrameworksBuildPhase section */

/* Begin PBXGroup section */
		4BE89F0E24A62BE400B330DB = {
			isa = PBXGroup;
			children = (
				4BE89F1924A62BE400B330DB /* QuoteApp */,
				4BE89F3024A62BE800B330DB /* QuoteAppTests */,
				4BE89F3B24A62BE800B330DB /* QuoteAppUITests */,
				4BE89F1824A62BE400B330DB /* Products */,
			);
			sourceTree = "<group>";
		};
		4BE89F1824A62BE400B330DB /* Products */ = {
			isa = PBXGroup;
			children = (
				4BE89F1724A62BE400B330DB /* QuoteApp.app */,
				4BE89F2D24A62BE800B330DB /* QuoteAppTests.xctest */,
				4BE89F3824A62BE800B330DB /* QuoteAppUITests.xctest */,
			);
			name = Products;
			sourceTree = "<group>";
		};
		4BE89F1924A62BE400B330DB /* QuoteApp */ = {
			isa = PBXGroup;
			children = (
				4BE89F4A24A62CAE00B330DB /* Application */,
				4BE89F4D24A62E6B00B330DB /* PresenterLayer */,
				4BE89F4E24A62EA800B330DB /* DataLayer */,
			);
			path = QuoteApp;
			sourceTree = "<group>";
		};
		4BE89F3024A62BE800B330DB /* QuoteAppTests */ = {
			isa = PBXGroup;
			children = (
				4BE89F3124A62BE800B330DB /* QuoteAppTests.swift */,
				4BE89F3324A62BE800B330DB /* Info.plist */,
			);
			path = QuoteAppTests;
			sourceTree = "<group>";
		};
		4BE89F3B24A62BE800B330DB /* QuoteAppUITests */ = {
			isa = PBXGroup;
			children = (
				4BE89F3C24A62BE800B330DB /* QuoteAppUITests.swift */,
				4BE89F3E24A62BE800B330DB /* Info.plist */,
			);
			path = QuoteAppUITests;
			sourceTree = "<group>";
		};
		4BE89F4A24A62CAE00B330DB /* Application */ = {
			isa = PBXGroup;
			children = (
				4BE89F4B24A62CB800B330DB /* LaunchScreen */,
				4BE89F4C24A62DAE00B330DB /* SupportingFiles */,
				4BE89F6D24A6348300B330DB /* Helpers */,
				4BE89F7024A634D300B330DB /* Extensions */,
			);
			path = Application;
			sourceTree = "<group>";
		};
		4BE89F4B24A62CB800B330DB /* LaunchScreen */ = {
			isa = PBXGroup;
			children = (
				4BE89F2524A62BE700B330DB /* LaunchScreen.storyboard */,
			);
			path = LaunchScreen;
			sourceTree = "<group>";
		};
		4BE89F4C24A62DAE00B330DB /* SupportingFiles */ = {
			isa = PBXGroup;
			children = (
				4BE89F1A24A62BE400B330DB /* AppDelegate.swift */,
				4BE89F2324A62BE700B330DB /* Assets.xcassets */,
				4BE89F2824A62BE700B330DB /* Info.plist */,
			);
			path = SupportingFiles;
			sourceTree = "<group>";
		};
		4BE89F4D24A62E6B00B330DB /* PresenterLayer */ = {
			isa = PBXGroup;
			children = (
				4BE89F8624A6612F00B330DB /* myFav */,
				4BE89F5724A6308700B330DB /* BaseView */,
				4BE89F4F24A62FDC00B330DB /* Home */,
			);
			path = PresenterLayer;
			sourceTree = "<group>";
		};
		4BE89F4E24A62EA800B330DB /* DataLayer */ = {
			isa = PBXGroup;
			children = (
				4BE89F5D24A632BD00B330DB /* Router */,
				4BE89F5C24A632B600B330DB /* Model */,
				4BE89F5E24A632C200B330DB /* Network */,
			);
			path = DataLayer;
			sourceTree = "<group>";
		};
		4BE89F4F24A62FDC00B330DB /* Home */ = {
			isa = PBXGroup;
			children = (
				4BE89F5024A62FF400B330DB /* HomeView.swift */,
				4BE89F5124A62FF400B330DB /* HomeView.xib */,
				4BE89F5524A6300700B330DB /* HomeViewModel.swift */,
			);
			path = Home;
			sourceTree = "<group>";
		};
		4BE89F5724A6308700B330DB /* BaseView */ = {
			isa = PBXGroup;
			children = (
				4BE89F5824A6309A00B330DB /* BaseView.swift */,
				4BE89F5A24A630DE00B330DB /* BaseViewModel.swift */,
			);
			path = BaseView;
			sourceTree = "<group>";
		};
		4BE89F5C24A632B600B330DB /* Model */ = {
			isa = PBXGroup;
			children = (
				4BE89F8424A6493F00B330DB /* Model+MutlyError.swift */,
				4BE89F7E24A63D1D00B330DB /* Model+Error.swift */,
				4BE89F7F24A63D1E00B330DB /* Model+None.swift */,
				4BE89F8224A63D4E00B330DB /* Model+Quote.swift */,
			);
			path = Model;
			sourceTree = "<group>";
		};
		4BE89F5D24A632BD00B330DB /* Router */ = {
			isa = PBXGroup;
			children = (
				4BE89F7824A63BD900B330DB /* Router.swift */,
				4BE89F7A24A63BFC00B330DB /* Router+Quote.swift */,
			);
			path = Router;
			sourceTree = "<group>";
		};
		4BE89F5E24A632C200B330DB /* Network */ = {
			isa = PBXGroup;
			children = (
				4BE89F7C24A63C7700B330DB /* Url.swift */,
				4BE89F6024A632FF00B330DB /* Api.swift */,
				4BE89F6224A632FF00B330DB /* Endpoint.swift */,
				4BE89F6424A632FF00B330DB /* Environment.swift */,
				4BE89F6324A632FF00B330DB /* HTTPMethod.swift */,
				4BE89F5F24A632FF00B330DB /* MyEndpoint.swift */,
				4BE89F6524A632FF00B330DB /* NetworkService.swift */,
				4BE89F6124A632FF00B330DB /* ResponseStatus.swift */,
			);
			path = Network;
			sourceTree = "<group>";
		};
		4BE89F6D24A6348300B330DB /* Helpers */ = {
			isa = PBXGroup;
			children = (
				4BE89F9924A673A000B330DB /* CoreData */,
				4BE89F8E24A6652800B330DB /* LoadingView */,
				4BE89F6E24A634A300B330DB /* PreintHelper.swift */,
			);
			path = Helpers;
			sourceTree = "<group>";
		};
		4BE89F7024A634D300B330DB /* Extensions */ = {
			isa = PBXGroup;
			children = (
				4BE89F7124A634E000B330DB /* Foundation */,
			);
			path = Extensions;
			sourceTree = "<group>";
		};
		4BE89F7124A634E000B330DB /* Foundation */ = {
			isa = PBXGroup;
			children = (
				4BE89F7624A6363D00B330DB /* Date+Extention.swift */,
				4BE89F7424A6359D00B330DB /* Dictionary+Extension.swift */,
				4BE89F7224A634F800B330DB /* String+Extension.swift */,
			);
			path = Foundation;
			sourceTree = "<group>";
		};
		4BE89F8624A6612F00B330DB /* myFav */ = {
			isa = PBXGroup;
			children = (
				4BE89F9D24A67C7E00B330DB /* cell */,
				4BE89F8724A6614D00B330DB /* MyFavView.swift */,
				4BE89F8C24A6616400B330DB /* MyFavViewModel.swift */,
				4BE89F8824A6614D00B330DB /* MyFavView.xib */,
			);
			path = myFav;
			sourceTree = "<group>";
		};
		4BE89F8E24A6652800B330DB /* LoadingView */ = {
			isa = PBXGroup;
			children = (
				4BE89F9224A6653400B330DB /* AnimateloadingView.swift */,
				4BE89F9024A6653400B330DB /* loadingView.swift */,
				4BE89F9124A6653400B330DB /* LoadingView.xib */,
				4BE89F8F24A6653400B330DB /* LoadingViewable.swift */,
			);
			path = LoadingView;
			sourceTree = "<group>";
		};
		4BE89F9924A673A000B330DB /* CoreData */ = {
			isa = PBXGroup;
			children = (
				4BE89F9A24A673B000B330DB /* QuoteApp.xcdatamodeld */,
			);
			path = CoreData;
			sourceTree = "<group>";
		};
		4BE89F9D24A67C7E00B330DB /* cell */ = {
			isa = PBXGroup;
			children = (
				4BE89F9E24A67C9800B330DB /* QuoteTableViewCell.swift */,
				4BE89F9F24A67C9800B330DB /* QuoteTableViewCell.xib */,
			);
			path = cell;
			sourceTree = "<group>";
		};
/* End PBXGroup section */

/* Begin PBXNativeTarget section */
		4BE89F1624A62BE400B330DB /* QuoteApp */ = {
			isa = PBXNativeTarget;
			buildConfigurationList = 4BE89F4124A62BE800B330DB /* Build configuration list for PBXNativeTarget "QuoteApp" */;
			buildPhases = (
				4BE89F1324A62BE400B330DB /* Sources */,
				4BE89F1424A62BE400B330DB /* Frameworks */,
				4BE89F1524A62BE400B330DB /* Resources */,
			);
			buildRules = (
			);
			dependencies = (
			);
			name = QuoteApp;
			productName = QuoteApp;
			productReference = 4BE89F1724A62BE400B330DB /* QuoteApp.app */;
			productType = "com.apple.product-type.application";
		};
		4BE89F2C24A62BE800B330DB /* QuoteAppTests */ = {
			isa = PBXNativeTarget;
			buildConfigurationList = 4BE89F4424A62BE800B330DB /* Build configuration list for PBXNativeTarget "QuoteAppTests" */;
			buildPhases = (
				4BE89F2924A62BE800B330DB /* Sources */,
				4BE89F2A24A62BE800B330DB /* Frameworks */,
				4BE89F2B24A62BE800B330DB /* Resources */,
			);
			buildRules = (
			);
			dependencies = (
				4BE89F2F24A62BE800B330DB /* PBXTargetDependency */,
			);
			name = QuoteAppTests;
			productName = QuoteAppTests;
			productReference = 4BE89F2D24A62BE800B330DB /* QuoteAppTests.xctest */;
			productType = "com.apple.product-type.bundle.unit-test";
		};
		4BE89F3724A62BE800B330DB /* QuoteAppUITests */ = {
			isa = PBXNativeTarget;
			buildConfigurationList = 4BE89F4724A62BE800B330DB /* Build configuration list for PBXNativeTarget "QuoteAppUITests" */;
			buildPhases = (
				4BE89F3424A62BE800B330DB /* Sources */,
				4BE89F3524A62BE800B330DB /* Frameworks */,
				4BE89F3624A62BE800B330DB /* Resources */,
			);
			buildRules = (
			);
			dependencies = (
				4BE89F3A24A62BE800B330DB /* PBXTargetDependency */,
			);
			name = QuoteAppUITests;
			productName = QuoteAppUITests;
			productReference = 4BE89F3824A62BE800B330DB /* QuoteAppUITests.xctest */;
			productType = "com.apple.product-type.bundle.ui-testing";
		};
/* End PBXNativeTarget section */

/* Begin PBXProject section */
		4BE89F0F24A62BE400B330DB /* Project object */ = {
			isa = PBXProject;
			attributes = {
				LastSwiftUpdateCheck = 1150;
				LastUpgradeCheck = 1150;
				ORGANIZATIONNAME = randomQuote;
				TargetAttributes = {
					4BE89F1624A62BE400B330DB = {
						CreatedOnToolsVersion = 11.5;
					};
					4BE89F2C24A62BE800B330DB = {
						CreatedOnToolsVersion = 11.5;
						TestTargetID = 4BE89F1624A62BE400B330DB;
					};
					4BE89F3724A62BE800B330DB = {
						CreatedOnToolsVersion = 11.5;
						TestTargetID = 4BE89F1624A62BE400B330DB;
					};
				};
			};
			buildConfigurationList = 4BE89F1224A62BE400B330DB /* Build configuration list for PBXProject "QuoteApp" */;
			compatibilityVersion = "Xcode 9.3";
			developmentRegion = en;
			hasScannedForEncodings = 0;
			knownRegions = (
				en,
				Base,
			);
			mainGroup = 4BE89F0E24A62BE400B330DB;
			productRefGroup = 4BE89F1824A62BE400B330DB /* Products */;
			projectDirPath = "";
			projectRoot = "";
			targets = (
				4BE89F1624A62BE400B330DB /* QuoteApp */,
				4BE89F2C24A62BE800B330DB /* QuoteAppTests */,
				4BE89F3724A62BE800B330DB /* QuoteAppUITests */,
			);
		};
/* End PBXProject section */

/* Begin PBXResourcesBuildPhase section */
		4BE89F1524A62BE400B330DB /* Resources */ = {
			isa = PBXResourcesBuildPhase;
			buildActionMask = 2147483647;
			files = (
				4BE89F8A24A6614D00B330DB /* MyFavView.xib in Resources */,
				4BE89F2724A62BE700B330DB /* LaunchScreen.storyboard in Resources */,
				4BE89FA124A67C9800B330DB /* QuoteTableViewCell.xib in Resources */,
				4BE89F2424A62BE700B330DB /* Assets.xcassets in Resources */,
				4BE89F5324A62FF400B330DB /* HomeView.xib in Resources */,
				4BE89F9524A6653400B330DB /* LoadingView.xib in Resources */,
			);
			runOnlyForDeploymentPostprocessing = 0;
		};
		4BE89F2B24A62BE800B330DB /* Resources */ = {
			isa = PBXResourcesBuildPhase;
			buildActionMask = 2147483647;
			files = (
			);
			runOnlyForDeploymentPostprocessing = 0;
		};
		4BE89F3624A62BE800B330DB /* Resources */ = {
			isa = PBXResourcesBuildPhase;
			buildActionMask = 2147483647;
			files = (
			);
			runOnlyForDeploymentPostprocessing = 0;
		};
/* End PBXResourcesBuildPhase section */

/* Begin PBXSourcesBuildPhase section */
		4BE89F1324A62BE400B330DB /* Sources */ = {
			isa = PBXSourcesBuildPhase;
			buildActionMask = 2147483647;
			files = (
				4BE89F5224A62FF400B330DB /* HomeView.swift in Sources */,
				4BE89F6924A632FF00B330DB /* Endpoint.swift in Sources */,
				4BE89F5924A6309A00B330DB /* BaseView.swift in Sources */,
				4BE89F6824A632FF00B330DB /* ResponseStatus.swift in Sources */,
				4BE89F1B24A62BE400B330DB /* AppDelegate.swift in Sources */,
				4BE89F5624A6300700B330DB /* HomeViewModel.swift in Sources */,
				4BE89F9424A6653400B330DB /* loadingView.swift in Sources */,
				4BE89F7724A6363D00B330DB /* Date+Extention.swift in Sources */,
				4BE89F6F24A634A300B330DB /* PreintHelper.swift in Sources */,
				4BE89F8924A6614D00B330DB /* MyFavView.swift in Sources */,
				4BE89F7D24A63C7700B330DB /* Url.swift in Sources */,
				4BE89F9C24A673B000B330DB /* QuoteApp.xcdatamodeld in Sources */,
				4BE89F6624A632FF00B330DB /* MyEndpoint.swift in Sources */,
				4BE89F8D24A6616400B330DB /* MyFavViewModel.swift in Sources */,
				4BE89FA024A67C9800B330DB /* QuoteTableViewCell.swift in Sources */,
				4BE89F7324A634F800B330DB /* String+Extension.swift in Sources */,
				4BE89F7924A63BD900B330DB /* Router.swift in Sources */,
				4BE89F9624A6653400B330DB /* AnimateloadingView.swift in Sources */,
				4BE89F6B24A632FF00B330DB /* Environment.swift in Sources */,
				4BE89F6724A632FF00B330DB /* Api.swift in Sources */,
				4BE89F8024A63D1E00B330DB /* Model+Error.swift in Sources */,
				4BE89F6A24A632FF00B330DB /* HTTPMethod.swift in Sources */,
				4BE89F8324A63D4E00B330DB /* Model+Quote.swift in Sources */,
				4BE89F9324A6653400B330DB /* LoadingViewable.swift in Sources */,
				4BE89F6C24A632FF00B330DB /* NetworkService.swift in Sources */,
				4BE89F8124A63D1E00B330DB /* Model+None.swift in Sources */,
				4BE89F7B24A63BFC00B330DB /* Router+Quote.swift in Sources */,
				4BE89F8524A6493F00B330DB /* Model+MutlyError.swift in Sources */,
				4BE89F5B24A630DE00B330DB /* BaseViewModel.swift in Sources */,
				4BE89F7524A6359D00B330DB /* Dictionary+Extension.swift in Sources */,
			);
			runOnlyForDeploymentPostprocessing = 0;
		};
		4BE89F2924A62BE800B330DB /* Sources */ = {
			isa = PBXSourcesBuildPhase;
			buildActionMask = 2147483647;
			files = (
				4BE89F3224A62BE800B330DB /* QuoteAppTests.swift in Sources */,
			);
			runOnlyForDeploymentPostprocessing = 0;
		};
		4BE89F3424A62BE800B330DB /* Sources */ = {
			isa = PBXSourcesBuildPhase;
			buildActionMask = 2147483647;
			files = (
				4BE89F3D24A62BE800B330DB /* QuoteAppUITests.swift in Sources */,
			);
			runOnlyForDeploymentPostprocessing = 0;
		};
/* End PBXSourcesBuildPhase section */

/* Begin PBXTargetDependency section */
		4BE89F2F24A62BE800B330DB /* PBXTargetDependency */ = {
			isa = PBXTargetDependency;
			target = 4BE89F1624A62BE400B330DB /* QuoteApp */;
			targetProxy = 4BE89F2E24A62BE800B330DB /* PBXContainerItemProxy */;
		};
		4BE89F3A24A62BE800B330DB /* PBXTargetDependency */ = {
			isa = PBXTargetDependency;
			target = 4BE89F1624A62BE400B330DB /* QuoteApp */;
			targetProxy = 4BE89F3924A62BE800B330DB /* PBXContainerItemProxy */;
		};
/* End PBXTargetDependency section */

/* Begin PBXVariantGroup section */
		4BE89F2524A62BE700B330DB /* LaunchScreen.storyboard */ = {
			isa = PBXVariantGroup;
			children = (
				4BE89F2624A62BE700B330DB /* Base */,
			);
			name = LaunchScreen.storyboard;
			sourceTree = "<group>";
		};
/* End PBXVariantGroup section */

/* Begin XCBuildConfiguration section */
		4BE89F3F24A62BE800B330DB /* Debug */ = {
			isa = XCBuildConfiguration;
			buildSettings = {
				ALWAYS_SEARCH_USER_PATHS = NO;
				CLANG_ANALYZER_NONNULL = YES;
				CLANG_ANALYZER_NUMBER_OBJECT_CONVERSION = YES_AGGRESSIVE;
				CLANG_CXX_LANGUAGE_STANDARD = "gnu++14";
				CLANG_CXX_LIBRARY = "libc++";
				CLANG_ENABLE_MODULES = YES;
				CLANG_ENABLE_OBJC_ARC = YES;
				CLANG_ENABLE_OBJC_WEAK = YES;
				CLANG_WARN_BLOCK_CAPTURE_AUTORELEASING = YES;
				CLANG_WARN_BOOL_CONVERSION = YES;
				CLANG_WARN_COMMA = YES;
				CLANG_WARN_CONSTANT_CONVERSION = YES;
				CLANG_WARN_DEPRECATED_OBJC_IMPLEMENTATIONS = YES;
				CLANG_WARN_DIRECT_OBJC_ISA_USAGE = YES_ERROR;
				CLANG_WARN_DOCUMENTATION_COMMENTS = YES;
				CLANG_WARN_EMPTY_BODY = YES;
				CLANG_WARN_ENUM_CONVERSION = YES;
				CLANG_WARN_INFINITE_RECURSION = YES;
				CLANG_WARN_INT_CONVERSION = YES;
				CLANG_WARN_NON_LITERAL_NULL_CONVERSION = YES;
				CLANG_WARN_OBJC_IMPLICIT_RETAIN_SELF = YES;
				CLANG_WARN_OBJC_LITERAL_CONVERSION = YES;
				CLANG_WARN_OBJC_ROOT_CLASS = YES_ERROR;
				CLANG_WARN_RANGE_LOOP_ANALYSIS = YES;
				CLANG_WARN_STRICT_PROTOTYPES = YES;
				CLANG_WARN_SUSPICIOUS_MOVE = YES;
				CLANG_WARN_UNGUARDED_AVAILABILITY = YES_AGGRESSIVE;
				CLANG_WARN_UNREACHABLE_CODE = YES;
				CLANG_WARN__DUPLICATE_METHOD_MATCH = YES;
				COPY_PHASE_STRIP = NO;
				DEBUG_INFORMATION_FORMAT = dwarf;
				ENABLE_STRICT_OBJC_MSGSEND = YES;
				ENABLE_TESTABILITY = YES;
				GCC_C_LANGUAGE_STANDARD = gnu11;
				GCC_DYNAMIC_NO_PIC = NO;
				GCC_NO_COMMON_BLOCKS = YES;
				GCC_OPTIMIZATION_LEVEL = 0;
				GCC_PREPROCESSOR_DEFINITIONS = (
					"DEBUG=1",
					"$(inherited)",
				);
				GCC_WARN_64_TO_32_BIT_CONVERSION = YES;
				GCC_WARN_ABOUT_RETURN_TYPE = YES_ERROR;
				GCC_WARN_UNDECLARED_SELECTOR = YES;
				GCC_WARN_UNINITIALIZED_AUTOS = YES_AGGRESSIVE;
				GCC_WARN_UNUSED_FUNCTION = YES;
				GCC_WARN_UNUSED_VARIABLE = YES;
				IPHONEOS_DEPLOYMENT_TARGET = 13.5;
				MTL_ENABLE_DEBUG_INFO = INCLUDE_SOURCE;
				MTL_FAST_MATH = YES;
				ONLY_ACTIVE_ARCH = YES;
				SDKROOT = iphoneos;
				SWIFT_ACTIVE_COMPILATION_CONDITIONS = DEBUG;
				SWIFT_OPTIMIZATION_LEVEL = "-Onone";
			};
			name = Debug;
		};
		4BE89F4024A62BE800B330DB /* Release */ = {
			isa = XCBuildConfiguration;
			buildSettings = {
				ALWAYS_SEARCH_USER_PATHS = NO;
				CLANG_ANALYZER_NONNULL = YES;
				CLANG_ANALYZER_NUMBER_OBJECT_CONVERSION = YES_AGGRESSIVE;
				CLANG_CXX_LANGUAGE_STANDARD = "gnu++14";
				CLANG_CXX_LIBRARY = "libc++";
				CLANG_ENABLE_MODULES = YES;
				CLANG_ENABLE_OBJC_ARC = YES;
				CLANG_ENABLE_OBJC_WEAK = YES;
				CLANG_WARN_BLOCK_CAPTURE_AUTORELEASING = YES;
				CLANG_WARN_BOOL_CONVERSION = YES;
				CLANG_WARN_COMMA = YES;
				CLANG_WARN_CONSTANT_CONVERSION = YES;
				CLANG_WARN_DEPRECATED_OBJC_IMPLEMENTATIONS = YES;
				CLANG_WARN_DIRECT_OBJC_ISA_USAGE = YES_ERROR;
				CLANG_WARN_DOCUMENTATION_COMMENTS = YES;
				CLANG_WARN_EMPTY_BODY = YES;
				CLANG_WARN_ENUM_CONVERSION = YES;
				CLANG_WARN_INFINITE_RECURSION = YES;
				CLANG_WARN_INT_CONVERSION = YES;
				CLANG_WARN_NON_LITERAL_NULL_CONVERSION = YES;
				CLANG_WARN_OBJC_IMPLICIT_RETAIN_SELF = YES;
				CLANG_WARN_OBJC_LITERAL_CONVERSION = YES;
				CLANG_WARN_OBJC_ROOT_CLASS = YES_ERROR;
				CLANG_WARN_RANGE_LOOP_ANALYSIS = YES;
				CLANG_WARN_STRICT_PROTOTYPES = YES;
				CLANG_WARN_SUSPICIOUS_MOVE = YES;
				CLANG_WARN_UNGUARDED_AVAILABILITY = YES_AGGRESSIVE;
				CLANG_WARN_UNREACHABLE_CODE = YES;
				CLANG_WARN__DUPLICATE_METHOD_MATCH = YES;
				COPY_PHASE_STRIP = NO;
				DEBUG_INFORMATION_FORMAT = "dwarf-with-dsym";
				ENABLE_NS_ASSERTIONS = NO;
				ENABLE_STRICT_OBJC_MSGSEND = YES;
				GCC_C_LANGUAGE_STANDARD = gnu11;
				GCC_NO_COMMON_BLOCKS = YES;
				GCC_WARN_64_TO_32_BIT_CONVERSION = YES;
				GCC_WARN_ABOUT_RETURN_TYPE = YES_ERROR;
				GCC_WARN_UNDECLARED_SELECTOR = YES;
				GCC_WARN_UNINITIALIZED_AUTOS = YES_AGGRESSIVE;
				GCC_WARN_UNUSED_FUNCTION = YES;
				GCC_WARN_UNUSED_VARIABLE = YES;
				IPHONEOS_DEPLOYMENT_TARGET = 13.5;
				MTL_ENABLE_DEBUG_INFO = NO;
				MTL_FAST_MATH = YES;
				SDKROOT = iphoneos;
				SWIFT_COMPILATION_MODE = wholemodule;
				SWIFT_OPTIMIZATION_LEVEL = "-O";
				VALIDATE_PRODUCT = YES;
			};
			name = Release;
		};
		4BE89F4224A62BE800B330DB /* Debug */ = {
			isa = XCBuildConfiguration;
			buildSettings = {
				ASSETCATALOG_COMPILER_APPICON_NAME = AppIcon;
				CODE_SIGN_STYLE = Automatic;
				CURRENT_PROJECT_VERSION = 1;
				DEVELOPMENT_TEAM = 5PB8VC8J48;
				INFOPLIST_FILE = "$(SRCROOT)/QuoteApp/Application/SupportingFiles/Info.plist";
				IPHONEOS_DEPLOYMENT_TARGET = 11.0;
				LD_RUNPATH_SEARCH_PATHS = (
					"$(inherited)",
					"@executable_path/Frameworks",
				);
				MARKETING_VERSION = 1.0.0;
				PRODUCT_BUNDLE_IDENTIFIER = com.randomQuote.QuoteApp;
				PRODUCT_NAME = "$(TARGET_NAME)";
				SWIFT_VERSION = 5.0;
				TARGETED_DEVICE_FAMILY = 1;
			};
			name = Debug;
		};
		4BE89F4324A62BE800B330DB /* Release */ = {
			isa = XCBuildConfiguration;
			buildSettings = {
				ASSETCATALOG_COMPILER_APPICON_NAME = AppIcon;
				CODE_SIGN_STYLE = Automatic;
				CURRENT_PROJECT_VERSION = 1;
				DEVELOPMENT_TEAM = 5PB8VC8J48;
				INFOPLIST_FILE = "$(SRCROOT)/QuoteApp/Application/SupportingFiles/Info.plist";
				IPHONEOS_DEPLOYMENT_TARGET = 11.0;
				LD_RUNPATH_SEARCH_PATHS = (
					"$(inherited)",
					"@executable_path/Frameworks",
				);
				MARKETING_VERSION = 1.0.0;
				PRODUCT_BUNDLE_IDENTIFIER = com.randomQuote.QuoteApp;
				PRODUCT_NAME = "$(TARGET_NAME)";
				SWIFT_VERSION = 5.0;
				TARGETED_DEVICE_FAMILY = 1;
			};
			name = Release;
		};
		4BE89F4524A62BE800B330DB /* Debug */ = {
			isa = XCBuildConfiguration;
			buildSettings = {
				ALWAYS_EMBED_SWIFT_STANDARD_LIBRARIES = YES;
				BUNDLE_LOADER = "$(TEST_HOST)";
				CODE_SIGN_STYLE = Automatic;
				DEVELOPMENT_TEAM = 5PB8VC8J48;
				INFOPLIST_FILE = QuoteAppTests/Info.plist;
				IPHONEOS_DEPLOYMENT_TARGET = 13.5;
				LD_RUNPATH_SEARCH_PATHS = (
					"$(inherited)",
					"@executable_path/Frameworks",
					"@loader_path/Frameworks",
				);
				PRODUCT_BUNDLE_IDENTIFIER = com.randomQuote.QuoteAppTests;
				PRODUCT_NAME = "$(TARGET_NAME)";
				SWIFT_VERSION = 5.0;
				TARGETED_DEVICE_FAMILY = "1,2";
				TEST_HOST = "$(BUILT_PRODUCTS_DIR)/QuoteApp.app/QuoteApp";
			};
			name = Debug;
		};
		4BE89F4624A62BE800B330DB /* Release */ = {
			isa = XCBuildConfiguration;
			buildSettings = {
				ALWAYS_EMBED_SWIFT_STANDARD_LIBRARIES = YES;
				BUNDLE_LOADER = "$(TEST_HOST)";
				CODE_SIGN_STYLE = Automatic;
				DEVELOPMENT_TEAM = 5PB8VC8J48;
				INFOPLIST_FILE = QuoteAppTests/Info.plist;
				IPHONEOS_DEPLOYMENT_TARGET = 13.5;
				LD_RUNPATH_SEARCH_PATHS = (
					"$(inherited)",
					"@executable_path/Frameworks",
					"@loader_path/Frameworks",
				);
				PRODUCT_BUNDLE_IDENTIFIER = com.randomQuote.QuoteAppTests;
				PRODUCT_NAME = "$(TARGET_NAME)";
				SWIFT_VERSION = 5.0;
				TARGETED_DEVICE_FAMILY = "1,2";
				TEST_HOST = "$(BUILT_PRODUCTS_DIR)/QuoteApp.app/QuoteApp";
			};
			name = Release;
		};
		4BE89F4824A62BE800B330DB /* Debug */ = {
			isa = XCBuildConfiguration;
			buildSettings = {
				ALWAYS_EMBED_SWIFT_STANDARD_LIBRARIES = YES;
				CODE_SIGN_STYLE = Automatic;
				DEVELOPMENT_TEAM = 5PB8VC8J48;
				INFOPLIST_FILE = QuoteAppUITests/Info.plist;
				LD_RUNPATH_SEARCH_PATHS = (
					"$(inherited)",
					"@executable_path/Frameworks",
					"@loader_path/Frameworks",
				);
				PRODUCT_BUNDLE_IDENTIFIER = com.randomQuote.QuoteAppUITests;
				PRODUCT_NAME = "$(TARGET_NAME)";
				SWIFT_VERSION = 5.0;
				TARGETED_DEVICE_FAMILY = "1,2";
				TEST_TARGET_NAME = QuoteApp;
			};
			name = Debug;
		};
		4BE89F4924A62BE800B330DB /* Release */ = {
			isa = XCBuildConfiguration;
			buildSettings = {
				ALWAYS_EMBED_SWIFT_STANDARD_LIBRARIES = YES;
				CODE_SIGN_STYLE = Automatic;
				DEVELOPMENT_TEAM = 5PB8VC8J48;
				INFOPLIST_FILE = QuoteAppUITests/Info.plist;
				LD_RUNPATH_SEARCH_PATHS = (
					"$(inherited)",
					"@executable_path/Frameworks",
					"@loader_path/Frameworks",
				);
				PRODUCT_BUNDLE_IDENTIFIER = com.randomQuote.QuoteAppUITests;
				PRODUCT_NAME = "$(TARGET_NAME)";
				SWIFT_VERSION = 5.0;
				TARGETED_DEVICE_FAMILY = "1,2";
				TEST_TARGET_NAME = QuoteApp;
			};
			name = Release;
		};
/* End XCBuildConfiguration section */

/* Begin XCConfigurationList section */
		4BE89F1224A62BE400B330DB /* Build configuration list for PBXProject "QuoteApp" */ = {
			isa = XCConfigurationList;
			buildConfigurations = (
				4BE89F3F24A62BE800B330DB /* Debug */,
				4BE89F4024A62BE800B330DB /* Release */,
			);
			defaultConfigurationIsVisible = 0;
			defaultConfigurationName = Release;
		};
		4BE89F4124A62BE800B330DB /* Build configuration list for PBXNativeTarget "QuoteApp" */ = {
			isa = XCConfigurationList;
			buildConfigurations = (
				4BE89F4224A62BE800B330DB /* Debug */,
				4BE89F4324A62BE800B330DB /* Release */,
			);
			defaultConfigurationIsVisible = 0;
			defaultConfigurationName = Release;
		};
		4BE89F4424A62BE800B330DB /* Build configuration list for PBXNativeTarget "QuoteAppTests" */ = {
			isa = XCConfigurationList;
			buildConfigurations = (
				4BE89F4524A62BE800B330DB /* Debug */,
				4BE89F4624A62BE800B330DB /* Release */,
			);
			defaultConfigurationIsVisible = 0;
			defaultConfigurationName = Release;
		};
		4BE89F4724A62BE800B330DB /* Build configuration list for PBXNativeTarget "QuoteAppUITests" */ = {
			isa = XCConfigurationList;
			buildConfigurations = (
				4BE89F4824A62BE800B330DB /* Debug */,
				4BE89F4924A62BE800B330DB /* Release */,
			);
			defaultConfigurationIsVisible = 0;
			defaultConfigurationName = Release;
		};
/* End XCConfigurationList section */

/* Begin XCVersionGroup section */
		4BE89F9A24A673B000B330DB /* QuoteApp.xcdatamodeld */ = {
			isa = XCVersionGroup;
			children = (
				4BE89F9B24A673B000B330DB /* QuoteApp.xcdatamodel */,
			);
			currentVersion = 4BE89F9B24A673B000B330DB /* QuoteApp.xcdatamodel */;
			path = QuoteApp.xcdatamodeld;
			sourceTree = "<group>";
			versionGroupType = wrapper.xcdatamodel;
		};
/* End XCVersionGroup section */
	};
	rootObject = 4BE89F0F24A62BE400B330DB /* Project object */;
}
